// !$*UTF8*$!
{
	archiveVersion = 1;
	classes = {
	};
	objectVersion = 51;
	objects = {

/* Begin PBXBuildFile section */
		980894E326838287000A8CA4 /* HomeViewModel.swift in Sources */ = {isa = PBXBuildFile; fileRef = 980894E226838287000A8CA4 /* HomeViewModel.swift */; };
		980894E6268382BD000A8CA4 /* FullImageView.swift in Sources */ = {isa = PBXBuildFile; fileRef = 980894E5268382BD000A8CA4 /* FullImageView.swift */; };
		9840214326828020009F911E /* ListMessage.swift in Sources */ = {isa = PBXBuildFile; fileRef = 9840214226828020009F911E /* ListMessage.swift */; };
		9840214726833152009F911E /* ImageLoader.swift in Sources */ = {isa = PBXBuildFile; fileRef = 9840214526833152009F911E /* ImageLoader.swift */; };
		9840214826833152009F911E /* ImagePicker.swift in Sources */ = {isa = PBXBuildFile; fileRef = 9840214626833152009F911E /* ImagePicker.swift */; };
		98A6437C268253E800F88A38 /* FirebaseIosChatApp.swift in Sources */ = {isa = PBXBuildFile; fileRef = 98A6437B268253E800F88A38 /* FirebaseIosChatApp.swift */; };
		98A6437E268253E800F88A38 /* ContentView.swift in Sources */ = {isa = PBXBuildFile; fileRef = 98A6437D268253E800F88A38 /* ContentView.swift */; };
		98A64380268253E900F88A38 /* Assets.xcassets in Resources */ = {isa = PBXBuildFile; fileRef = 98A6437F268253E900F88A38 /* Assets.xcassets */; };
		98A64383268253E900F88A38 /* Preview Assets.xcassets in Resources */ = {isa = PBXBuildFile; fileRef = 98A64382268253E900F88A38 /* Preview Assets.xcassets */; };
		98A6438C2682558E00F88A38 /* GoogleService-Info.plist in Resources */ = {isa = PBXBuildFile; fileRef = 98A6438B2682558E00F88A38 /* GoogleService-Info.plist */; };
		98A6439C2682580B00F88A38 /* ImagePicker.swift in Sources */ = {isa = PBXBuildFile; fileRef = 98A6439B2682580B00F88A38 /* ImagePicker.swift */; };
		98A6439F2682583C00F88A38 /* MessagePage.swift in Sources */ = {isa = PBXBuildFile; fileRef = 98A6439E2682583C00F88A38 /* MessagePage.swift */; };
		98A643A52682587600F88A38 /* DataFire.swift in Sources */ = {isa = PBXBuildFile; fileRef = 98A643A42682587600F88A38 /* DataFire.swift */; };
		98A643A82682588400F88A38 /* IDData.swift in Sources */ = {isa = PBXBuildFile; fileRef = 98A643A72682588400F88A38 /* IDData.swift */; };
		D9355F0CB12AE3A0B9DECDDC /* Pods_FirebaseIosChat.framework in Frameworks */ = {isa = PBXBuildFile; fileRef = 2F303A228AAEA4B3FB45623C /* Pods_FirebaseIosChat.framework */; };
/* End PBXBuildFile section */

/* Begin PBXFileReference section */
		1549714E5B6375E99DD4F2D0 /* Pods-FirebaseIosChat.debug.xcconfig */ = {isa = PBXFileReference; includeInIndex = 1; lastKnownFileType = text.xcconfig; name = "Pods-FirebaseIosChat.debug.xcconfig"; path = "Target Support Files/Pods-FirebaseIosChat/Pods-FirebaseIosChat.debug.xcconfig"; sourceTree = "<group>"; };
		20FFC01EAB966B2057BF7D98 /* Pods-FirebaseIosChat.release.xcconfig */ = {isa = PBXFileReference; includeInIndex = 1; lastKnownFileType = text.xcconfig; name = "Pods-FirebaseIosChat.release.xcconfig"; path = "Target Support Files/Pods-FirebaseIosChat/Pods-FirebaseIosChat.release.xcconfig"; sourceTree = "<group>"; };
		2F303A228AAEA4B3FB45623C /* Pods_FirebaseIosChat.framework */ = {isa = PBXFileReference; explicitFileType = wrapper.framework; includeInIndex = 0; path = Pods_FirebaseIosChat.framework; sourceTree = BUILT_PRODUCTS_DIR; };
		980894E226838287000A8CA4 /* HomeViewModel.swift */ = {isa = PBXFileReference; fileEncoding = 4; lastKnownFileType = sourcecode.swift; path = HomeViewModel.swift; sourceTree = "<group>"; };
		980894E5268382BD000A8CA4 /* FullImageView.swift */ = {isa = PBXFileReference; lastKnownFileType = sourcecode.swift; path = FullImageView.swift; sourceTree = "<group>"; };
		9840214226828020009F911E /* ListMessage.swift */ = {isa = PBXFileReference; fileEncoding = 4; lastKnownFileType = sourcecode.swift; path = ListMessage.swift; sourceTree = "<group>"; };
		9840214526833152009F911E /* ImageLoader.swift */ = {isa = PBXFileReference; fileEncoding = 4; lastKnownFileType = sourcecode.swift; path = ImageLoader.swift; sourceTree = "<group>"; };
		9840214626833152009F911E /* ImagePicker.swift */ = {isa = PBXFileReference; fileEncoding = 4; lastKnownFileType = sourcecode.swift; path = ImagePicker.swift; sourceTree = "<group>"; };
		98A64378268253E800F88A38 /* FirebaseIosChat.app */ = {isa = PBXFileReference; explicitFileType = wrapper.application; includeInIndex = 0; path = FirebaseIosChat.app; sourceTree = BUILT_PRODUCTS_DIR; };
		98A6437B268253E800F88A38 /* FirebaseIosChatApp.swift */ = {isa = PBXFileReference; lastKnownFileType = sourcecode.swift; path = FirebaseIosChatApp.swift; sourceTree = "<group>"; };
		98A6437D268253E800F88A38 /* ContentView.swift */ = {isa = PBXFileReference; lastKnownFileType = sourcecode.swift; path = ContentView.swift; sourceTree = "<group>"; };
		98A6437F268253E900F88A38 /* Assets.xcassets */ = {isa = PBXFileReference; lastKnownFileType = folder.assetcatalog; path = Assets.xcassets; sourceTree = "<group>"; };
		98A64382268253E900F88A38 /* Preview Assets.xcassets */ = {isa = PBXFileReference; lastKnownFileType = folder.assetcatalog; path = "Preview Assets.xcassets"; sourceTree = "<group>"; };
		98A64384268253E900F88A38 /* Info.plist */ = {isa = PBXFileReference; lastKnownFileType = text.plist.xml; path = Info.plist; sourceTree = "<group>"; };
		98A6438B2682558E00F88A38 /* GoogleService-Info.plist */ = {isa = PBXFileReference; fileEncoding = 4; lastKnownFileType = text.plist.xml; path = "GoogleService-Info.plist"; sourceTree = "<group>"; };
		98A6439B2682580B00F88A38 /* ImagePicker.swift */ = {isa = PBXFileReference; fileEncoding = 4; lastKnownFileType = sourcecode.swift; path = ImagePicker.swift; sourceTree = "<group>"; };
		98A6439E2682583C00F88A38 /* MessagePage.swift */ = {isa = PBXFileReference; fileEncoding = 4; lastKnownFileType = sourcecode.swift; path = MessagePage.swift; sourceTree = "<group>"; };
		98A643A42682587600F88A38 /* DataFire.swift */ = {isa = PBXFileReference; fileEncoding = 4; lastKnownFileType = sourcecode.swift; path = DataFire.swift; sourceTree = "<group>"; };
		98A643A72682588400F88A38 /* IDData.swift */ = {isa = PBXFileReference; fileEncoding = 4; lastKnownFileType = sourcecode.swift; path = IDData.swift; sourceTree = "<group>"; };
/* End PBXFileReference section */

/* Begin PBXFrameworksBuildPhase section */
		98A64375268253E700F88A38 /* Frameworks */ = {
			isa = PBXFrameworksBuildPhase;
			buildActionMask = 2147483647;
			files = (
				D9355F0CB12AE3A0B9DECDDC /* Pods_FirebaseIosChat.framework in Frameworks */,
			);
			runOnlyForDeploymentPostprocessing = 0;
		};
/* End PBXFrameworksBuildPhase section */

/* Begin PBXGroup section */
		5964F0005BF3EF476C3EECAE /* Frameworks */ = {
			isa = PBXGroup;
			children = (
				2F303A228AAEA4B3FB45623C /* Pods_FirebaseIosChat.framework */,
			);
			name = Frameworks;
			sourceTree = "<group>";
		};
		980894E126838271000A8CA4 /* ImageViewer */ = {
			isa = PBXGroup;
			children = (
				980894E226838287000A8CA4 /* HomeViewModel.swift */,
				980894E5268382BD000A8CA4 /* FullImageView.swift */,
			);
			path = ImageViewer;
			sourceTree = "<group>";
		};
		98A6436F268253E700F88A38 = {
			isa = PBXGroup;
			children = (
				98A6437A268253E800F88A38 /* FirebaseIosChat */,
				98A64379268253E800F88A38 /* Products */,
				E7BCCFBDACC7D52C28BBA23B /* Pods */,
				5964F0005BF3EF476C3EECAE /* Frameworks */,
			);
			sourceTree = "<group>";
		};
		98A64379268253E800F88A38 /* Products */ = {
			isa = PBXGroup;
			children = (
				98A64378268253E800F88A38 /* FirebaseIosChat.app */,
			);
			name = Products;
			sourceTree = "<group>";
		};
		98A6437A268253E800F88A38 /* FirebaseIosChat */ = {
			isa = PBXGroup;
			children = (
				980894E126838271000A8CA4 /* ImageViewer */,
				9840214526833152009F911E /* ImageLoader.swift */,
				9840214626833152009F911E /* ImagePicker.swift */,
				9840214226828020009F911E /* ListMessage.swift */,
				98A643A72682588400F88A38 /* IDData.swift */,
				98A643A42682587600F88A38 /* DataFire.swift */,
				98A6439E2682583C00F88A38 /* MessagePage.swift */,
				98A6439B2682580B00F88A38 /* ImagePicker.swift */,
				98A6438B2682558E00F88A38 /* GoogleService-Info.plist */,
				98A6437B268253E800F88A38 /* FirebaseIosChatApp.swift */,
				98A6437D268253E800F88A38 /* ContentView.swift */,
				98A6437F268253E900F88A38 /* Assets.xcassets */,
				98A64384268253E900F88A38 /* Info.plist */,
				98A64381268253E900F88A38 /* Preview Content */,
			);
			path = FirebaseIosChat;
			sourceTree = "<group>";
		};
		98A64381268253E900F88A38 /* Preview Content */ = {
			isa = PBXGroup;
			children = (
				98A64382268253E900F88A38 /* Preview Assets.xcassets */,
			);
			path = "Preview Content";
			sourceTree = "<group>";
		};
		E7BCCFBDACC7D52C28BBA23B /* Pods */ = {
			isa = PBXGroup;
			children = (
				1549714E5B6375E99DD4F2D0 /* Pods-FirebaseIosChat.debug.xcconfig */,
				20FFC01EAB966B2057BF7D98 /* Pods-FirebaseIosChat.release.xcconfig */,
			);
			path = Pods;
			sourceTree = "<group>";
		};
/* End PBXGroup section */

/* Begin PBXNativeTarget section */
		98A64377268253E700F88A38 /* FirebaseIosChat */ = {
			isa = PBXNativeTarget;
			buildConfigurationList = 98A64387268253E900F88A38 /* Build configuration list for PBXNativeTarget "FirebaseIosChat" */;
			buildPhases = (
				308DCCD7DA65DCC1FD264D5B /* [CP] Check Pods Manifest.lock */,
				98A64374268253E700F88A38 /* Sources */,
				98A64375268253E700F88A38 /* Frameworks */,
				98A64376268253E700F88A38 /* Resources */,
				7C5A43F118844F14E7CE4F45 /* [CP] Embed Pods Frameworks */,
			);
			buildRules = (
			);
			dependencies = (
			);
			name = FirebaseIosChat;
			productName = FirebaseIosChat;
			productReference = 98A64378268253E800F88A38 /* FirebaseIosChat.app */;
			productType = "com.apple.product-type.application";
		};
/* End PBXNativeTarget section */

/* Begin PBXProject section */
		98A64370268253E700F88A38 /* Project object */ = {
			isa = PBXProject;
			attributes = {
				LastSwiftUpdateCheck = 1240;
				LastUpgradeCheck = 1240;
				TargetAttributes = {
					98A64377268253E700F88A38 = {
						CreatedOnToolsVersion = 12.4;
					};
				};
			};
			buildConfigurationList = 98A64373268253E700F88A38 /* Build configuration list for PBXProject "FirebaseIosChat" */;
			compatibilityVersion = "Xcode 9.3";
			developmentRegion = en;
			hasScannedForEncodings = 0;
			knownRegions = (
				en,
				Base,
			);
			mainGroup = 98A6436F268253E700F88A38;
			productRefGroup = 98A64379268253E800F88A38 /* Products */;
			projectDirPath = "";
			projectRoot = "";
			targets = (
				98A64377268253E700F88A38 /* FirebaseIosChat */,
			);
		};
/* End PBXProject section */

/* Begin PBXResourcesBuildPhase section */
		98A64376268253E700F88A38 /* Resources */ = {
			isa = PBXResourcesBuildPhase;
			buildActionMask = 2147483647;
			files = (
				98A64383268253E900F88A38 /* Preview Assets.xcassets in Resources */,
				98A64380268253E900F88A38 /* Assets.xcassets in Resources */,
				98A6438C2682558E00F88A38 /* GoogleService-Info.plist in Resources */,
			);
			runOnlyForDeploymentPostprocessing = 0;
		};
/* End PBXResourcesBuildPhase section */

/* Begin PBXShellScriptBuildPhase section */
		308DCCD7DA65DCC1FD264D5B /* [CP] Check Pods Manifest.lock */ = {
			isa = PBXShellScriptBuildPhase;
			buildActionMask = 2147483647;
			files = (
			);
			inputFileListPaths = (
			);
			inputPaths = (
				"${PODS_PODFILE_DIR_PATH}/Podfile.lock",
				"${PODS_ROOT}/Manifest.lock",
			);
			name = "[CP] Check Pods Manifest.lock";
			outputFileListPaths = (
			);
			outputPaths = (
				"$(DERIVED_FILE_DIR)/Pods-FirebaseIosChat-checkManifestLockResult.txt",
			);
			runOnlyForDeploymentPostprocessing = 0;
			shellPath = /bin/sh;
			shellScript = "diff \"${PODS_PODFILE_DIR_PATH}/Podfile.lock\" \"${PODS_ROOT}/Manifest.lock\" > /dev/null\nif [ $? != 0 ] ; then\n    # print error to STDERR\n    echo \"error: The sandbox is not in sync with the Podfile.lock. Run 'pod install' or update your CocoaPods installation.\" >&2\n    exit 1\nfi\n# This output is used by Xcode 'outputs' to avoid re-running this script phase.\necho \"SUCCESS\" > \"${SCRIPT_OUTPUT_FILE_0}\"\n";
			showEnvVarsInLog = 0;
		};
		7C5A43F118844F14E7CE4F45 /* [CP] Embed Pods Frameworks */ = {
			isa = PBXShellScriptBuildPhase;
			buildActionMask = 2147483647;
			files = (
			);
			inputFileListPaths = (
				"${PODS_ROOT}/Target Support Files/Pods-FirebaseIosChat/Pods-FirebaseIosChat-frameworks-${CONFIGURATION}-input-files.xcfilelist",
			);
			name = "[CP] Embed Pods Frameworks";
			outputFileListPaths = (
				"${PODS_ROOT}/Target Support Files/Pods-FirebaseIosChat/Pods-FirebaseIosChat-frameworks-${CONFIGURATION}-output-files.xcfilelist",
			);
			runOnlyForDeploymentPostprocessing = 0;
			shellPath = /bin/sh;
			shellScript = "\"${PODS_ROOT}/Target Support Files/Pods-FirebaseIosChat/Pods-FirebaseIosChat-frameworks.sh\"\n";
			showEnvVarsInLog = 0;
		};
/* End PBXShellScriptBuildPhase section */

/* Begin PBXSourcesBuildPhase section */
		98A64374268253E700F88A38 /* Sources */ = {
			isa = PBXSourcesBuildPhase;
			buildActionMask = 2147483647;
			files = (
				98A6439C2682580B00F88A38 /* ImagePicker.swift in Sources */,
				98A6437E268253E800F88A38 /* ContentView.swift in Sources */,
				98A6439F2682583C00F88A38 /* MessagePage.swift in Sources */,
				980894E326838287000A8CA4 /* HomeViewModel.swift in Sources */,
				980894E6268382BD000A8CA4 /* FullImageView.swift in Sources */,
				9840214826833152009F911E /* ImagePicker.swift in Sources */,
				98A643A52682587600F88A38 /* DataFire.swift in Sources */,
				98A6437C268253E800F88A38 /* FirebaseIosChatApp.swift in Sources */,
				98A643A82682588400F88A38 /* IDData.swift in Sources */,
				9840214726833152009F911E /* ImageLoader.swift in Sources */,
				9840214326828020009F911E /* ListMessage.swift in Sources */,
			);
			runOnlyForDeploymentPostprocessing = 0;
		};
/* End PBXSourcesBuildPhase section */

/* Begin XCBuildConfiguration section */
		98A64385268253E900F88A38 /* Debug */ = {
			isa = XCBuildConfiguration;
			buildSettings = {
				ALWAYS_SEARCH_USER_PATHS = NO;
				CLANG_ANALYZER_NONNULL = YES;
				CLANG_ANALYZER_NUMBER_OBJECT_CONVERSION = YES_AGGRESSIVE;
				CLANG_CXX_LANGUAGE_STANDARD = "gnu++14";
				CLANG_CXX_LIBRARY = "libc++";
				CLANG_ENABLE_MODULES = YES;
				CLANG_ENABLE_OBJC_ARC = YES;
				CLANG_ENABLE_OBJC_WEAK = YES;
				CLANG_WARN_BLOCK_CAPTURE_AUTORELEASING = YES;
				CLANG_WARN_BOOL_CONVERSION = YES;
				CLANG_WARN_COMMA = YES;
				CLANG_WARN_CONSTANT_CONVERSION = YES;
				CLANG_WARN_DEPRECATED_OBJC_IMPLEMENTATIONS = YES;
				CLANG_WARN_DIRECT_OBJC_ISA_USAGE = YES_ERROR;
				CLANG_WARN_DOCUMENTATION_COMMENTS = YES;
				CLANG_WARN_EMPTY_BODY = YES;
				CLANG_WARN_ENUM_CONVERSION = YES;
				CLANG_WARN_INFINITE_RECURSION = YES;
				CLANG_WARN_INT_CONVERSION = YES;
				CLANG_WARN_NON_LITERAL_NULL_CONVERSION = YES;
				CLANG_WARN_OBJC_IMPLICIT_RETAIN_SELF = YES;
				CLANG_WARN_OBJC_LITERAL_CONVERSION = YES;
				CLANG_WARN_OBJC_ROOT_CLASS = YES_ERROR;
				CLANG_WARN_QUOTED_INCLUDE_IN_FRAMEWORK_HEADER = YES;
				CLANG_WARN_RANGE_LOOP_ANALYSIS = YES;
				CLANG_WARN_STRICT_PROTOTYPES = YES;
				CLANG_WARN_SUSPICIOUS_MOVE = YES;
				CLANG_WARN_UNGUARDED_AVAILABILITY = YES_AGGRESSIVE;
				CLANG_WARN_UNREACHABLE_CODE = YES;
				CLANG_WARN__DUPLICATE_METHOD_MATCH = YES;
				COPY_PHASE_STRIP = NO;
				DEBUG_INFORMATION_FORMAT = dwarf;
				ENABLE_STRICT_OBJC_MSGSEND = YES;
				ENABLE_TESTABILITY = YES;
				GCC_C_LANGUAGE_STANDARD = gnu11;
				GCC_DYNAMIC_NO_PIC = NO;
				GCC_NO_COMMON_BLOCKS = YES;
				GCC_OPTIMIZATION_LEVEL = 0;
				GCC_PREPROCESSOR_DEFINITIONS = (
					"DEBUG=1",
					"$(inherited)",
				);
				GCC_WARN_64_TO_32_BIT_CONVERSION = YES;
				GCC_WARN_ABOUT_RETURN_TYPE = YES_ERROR;
				GCC_WARN_UNDECLARED_SELECTOR = YES;
				GCC_WARN_UNINITIALIZED_AUTOS = YES_AGGRESSIVE;
				GCC_WARN_UNUSED_FUNCTION = YES;
				GCC_WARN_UNUSED_VARIABLE = YES;
				IPHONEOS_DEPLOYMENT_TARGET = 14.4;
				MTL_ENABLE_DEBUG_INFO = INCLUDE_SOURCE;
				MTL_FAST_MATH = YES;
				ONLY_ACTIVE_ARCH = YES;
				SDKROOT = iphoneos;
				SWIFT_ACTIVE_COMPILATION_CONDITIONS = DEBUG;
				SWIFT_OPTIMIZATION_LEVEL = "-Onone";
			};
			name = Debug;
		};
		98A64386268253E900F88A38 /* Release */ = {
			isa = XCBuildConfiguration;
			buildSettings = {
				ALWAYS_SEARCH_USER_PATHS = NO;
				CLANG_ANALYZER_NONNULL = YES;
				CLANG_ANALYZER_NUMBER_OBJECT_CONVERSION = YES_AGGRESSIVE;
				CLANG_CXX_LANGUAGE_STANDARD = "gnu++14";
				CLANG_CXX_LIBRARY = "libc++";
				CLANG_ENABLE_MODULES = YES;
				CLANG_ENABLE_OBJC_ARC = YES;
				CLANG_ENABLE_OBJC_WEAK = YES;
				CLANG_WARN_BLOCK_CAPTURE_AUTORELEASING = YES;
				CLANG_WARN_BOOL_CONVERSION = YES;
				CLANG_WARN_COMMA = YES;
				CLANG_WARN_CONSTANT_CONVERSION = YES;
				CLANG_WARN_DEPRECATED_OBJC_IMPLEMENTATIONS = YES;
				CLANG_WARN_DIRECT_OBJC_ISA_USAGE = YES_ERROR;
				CLANG_WARN_DOCUMENTATION_COMMENTS = YES;
				CLANG_WARN_EMPTY_BODY = YES;
				CLANG_WARN_ENUM_CONVERSION = YES;
				CLANG_WARN_INFINITE_RECURSION = YES;
				CLANG_WARN_INT_CONVERSION = YES;
				CLANG_WARN_NON_LITERAL_NULL_CONVERSION = YES;
				CLANG_WARN_OBJC_IMPLICIT_RETAIN_SELF = YES;
				CLANG_WARN_OBJC_LITERAL_CONVERSION = YES;
				CLANG_WARN_OBJC_ROOT_CLASS = YES_ERROR;
				CLANG_WARN_QUOTED_INCLUDE_IN_FRAMEWORK_HEADER = YES;
				CLANG_WARN_RANGE_LOOP_ANALYSIS = YES;
				CLANG_WARN_STRICT_PROTOTYPES = YES;
				CLANG_WARN_SUSPICIOUS_MOVE = YES;
				CLANG_WARN_UNGUARDED_AVAILABILITY = YES_AGGRESSIVE;
				CLANG_WARN_UNREACHABLE_CODE = YES;
				CLANG_WARN__DUPLICATE_METHOD_MATCH = YES;
				COPY_PHASE_STRIP = NO;
				DEBUG_INFORMATION_FORMAT = "dwarf-with-dsym";
				ENABLE_NS_ASSERTIONS = NO;
				ENABLE_STRICT_OBJC_MSGSEND = YES;
				GCC_C_LANGUAGE_STANDARD = gnu11;
				GCC_NO_COMMON_BLOCKS = YES;
				GCC_WARN_64_TO_32_BIT_CONVERSION = YES;
				GCC_WARN_ABOUT_RETURN_TYPE = YES_ERROR;
				GCC_WARN_UNDECLARED_SELECTOR = YES;
				GCC_WARN_UNINITIALIZED_AUTOS = YES_AGGRESSIVE;
				GCC_WARN_UNUSED_FUNCTION = YES;
				GCC_WARN_UNUSED_VARIABLE = YES;
				IPHONEOS_DEPLOYMENT_TARGET = 14.4;
				MTL_ENABLE_DEBUG_INFO = NO;
				MTL_FAST_MATH = YES;
				SDKROOT = iphoneos;
				SWIFT_COMPILATION_MODE = wholemodule;
				SWIFT_OPTIMIZATION_LEVEL = "-O";
				VALIDATE_PRODUCT = YES;
			};
			name = Release;
		};
		98A64388268253E900F88A38 /* Debug */ = {
			isa = XCBuildConfiguration;
			baseConfigurationReference = 1549714E5B6375E99DD4F2D0 /* Pods-FirebaseIosChat.debug.xcconfig */;
			buildSettings = {
				ASSETCATALOG_COMPILER_APPICON_NAME = AppIcon;
				ASSETCATALOG_COMPILER_GLOBAL_ACCENT_COLOR_NAME = AccentColor;
				CODE_SIGN_STYLE = Automatic;
				DEVELOPMENT_ASSET_PATHS = "\"FirebaseIosChat/Preview Content\"";
				DEVELOPMENT_TEAM = 789MCDM22M;
				ENABLE_PREVIEWS = YES;
				INFOPLIST_FILE = FirebaseIosChat/Info.plist;
				IPHONEOS_DEPLOYMENT_TARGET = 14.0;
				LD_RUNPATH_SEARCH_PATHS = (
					"$(inherited)",
					"@executable_path/Frameworks",
				);
				PRODUCT_BUNDLE_IDENTIFIER = com.stdio.FirebaseIosChat;
				PRODUCT_NAME = "$(TARGET_NAME)";
				SWIFT_VERSION = 5.0;
				TARGETED_DEVICE_FAMILY = "1,2";
			};
			name = Debug;
		};
		98A64389268253E900F88A38 /* Release */ = {
			isa = XCBuildConfiguration;
			baseConfigurationReference = 20FFC01EAB966B2057BF7D98 /* Pods-FirebaseIosChat.release.xcconfig */;
			buildSettings = {
				ASSETCATALOG_COMPILER_APPICON_NAME = AppIcon;
				ASSETCATALOG_COMPILER_GLOBAL_ACCENT_COLOR_NAME = AccentColor;
				CODE_SIGN_STYLE = Automatic;
				DEVELOPMENT_ASSET_PATHS = "\"FirebaseIosChat/Preview Content\"";
				DEVELOPMENT_TEAM = 789MCDM22M;
				ENABLE_PREVIEWS = YES;
				INFOPLIST_FILE = FirebaseIosChat/Info.plist;
				IPHONEOS_DEPLOYMENT_TARGET = 14.0;
				LD_RUNPATH_SEARCH_PATHS = (
					"$(inherited)",
					"@executable_path/Frameworks",
				);
				PRODUCT_BUNDLE_IDENTIFIER = com.stdio.FirebaseIosChat;
				PRODUCT_NAME = "$(TARGET_NAME)";
				SWIFT_VERSION = 5.0;
				TARGETED_DEVICE_FAMILY = "1,2";
			};
			name = Release;
		};
/* End XCBuildConfiguration section */

/* Begin XCConfigurationList section */
		98A64373268253E700F88A38 /* Build configuration list for PBXProject "FirebaseIosChat" */ = {
			isa = XCConfigurationList;
			buildConfigurations = (
				98A64385268253E900F88A38 /* Debug */,
				98A64386268253E900F88A38 /* Release */,
			);
			defaultConfigurationIsVisible = 0;
			defaultConfigurationName = Release;
		};
		98A64387268253E900F88A38 /* Build configuration list for PBXNativeTarget "FirebaseIosChat" */ = {
			isa = XCConfigurationList;
			buildConfigurations = (
				98A64388268253E900F88A38 /* Debug */,
				98A64389268253E900F88A38 /* Release */,
			);
			defaultConfigurationIsVisible = 0;
			defaultConfigurationName = Release;
		};
/* End XCConfigurationList section */
	};
	rootObject = 98A64370268253E700F88A38 /* Project object */;
}
